// !$*UTF8*$!
{
	archiveVersion = 1;
	classes = {
	};
	objectVersion = 56;
	objects = {

/* Begin PBXBuildFile section */
		3B1B576E2D300E9B007B1ECE /* GoogleService-Info.plist in Resources */ = {isa = PBXBuildFile; fileRef = 3B1B576D2D300E9B007B1ECE /* GoogleService-Info.plist */; };
		3B1B57712D300FAA007B1ECE /* AppDelegate.swift in Sources */ = {isa = PBXBuildFile; fileRef = 3B1B57702D300FA7007B1ECE /* AppDelegate.swift */; };
		3B1B57732D300FD2007B1ECE /* FirebaseAnalytics in Frameworks */ = {isa = PBXBuildFile; productRef = 3B1B57722D300FD2007B1ECE /* FirebaseAnalytics */; };
		3B1B57752D300FD2007B1ECE /* FirebaseAnalyticsOnDeviceConversion in Frameworks */ = {isa = PBXBuildFile; productRef = 3B1B57742D300FD2007B1ECE /* FirebaseAnalyticsOnDeviceConversion */; };
		3B1B57772D300FD2007B1ECE /* FirebaseAnalyticsWithoutAdIdSupport in Frameworks */ = {isa = PBXBuildFile; productRef = 3B1B57762D300FD2007B1ECE /* FirebaseAnalyticsWithoutAdIdSupport */; };
		3B1B57792D300FD2007B1ECE /* FirebaseAppCheck in Frameworks */ = {isa = PBXBuildFile; productRef = 3B1B57782D300FD2007B1ECE /* FirebaseAppCheck */; };
		3B1B577B2D300FD2007B1ECE /* FirebaseAppDistribution-Beta in Frameworks */ = {isa = PBXBuildFile; productRef = 3B1B577A2D300FD2007B1ECE /* FirebaseAppDistribution-Beta */; };
		3B1B577D2D300FD2007B1ECE /* FirebaseAuth in Frameworks */ = {isa = PBXBuildFile; productRef = 3B1B577C2D300FD2007B1ECE /* FirebaseAuth */; };
		3B1B577F2D300FD2007B1ECE /* FirebaseAuthCombine-Community in Frameworks */ = {isa = PBXBuildFile; productRef = 3B1B577E2D300FD2007B1ECE /* FirebaseAuthCombine-Community */; };
		3B1B57812D300FD2007B1ECE /* FirebaseCore in Frameworks */ = {isa = PBXBuildFile; productRef = 3B1B57802D300FD2007B1ECE /* FirebaseCore */; };
		3B1B57832D300FD2007B1ECE /* FirebaseCrashlytics in Frameworks */ = {isa = PBXBuildFile; productRef = 3B1B57822D300FD2007B1ECE /* FirebaseCrashlytics */; };
		3B1B57852D300FD2007B1ECE /* FirebaseDatabase in Frameworks */ = {isa = PBXBuildFile; productRef = 3B1B57842D300FD2007B1ECE /* FirebaseDatabase */; };
		3B1B57872D300FD2007B1ECE /* FirebaseDynamicLinks in Frameworks */ = {isa = PBXBuildFile; productRef = 3B1B57862D300FD2007B1ECE /* FirebaseDynamicLinks */; };
		3B1B57892D300FD2007B1ECE /* FirebaseFirestore in Frameworks */ = {isa = PBXBuildFile; productRef = 3B1B57882D300FD2007B1ECE /* FirebaseFirestore */; };
		3B1B578B2D300FD2007B1ECE /* FirebaseFirestoreCombine-Community in Frameworks */ = {isa = PBXBuildFile; productRef = 3B1B578A2D300FD2007B1ECE /* FirebaseFirestoreCombine-Community */; };
		3B1B578D2D300FD2007B1ECE /* FirebaseFunctions in Frameworks */ = {isa = PBXBuildFile; productRef = 3B1B578C2D300FD2007B1ECE /* FirebaseFunctions */; };
		3B1B578F2D300FD2007B1ECE /* FirebaseFunctionsCombine-Community in Frameworks */ = {isa = PBXBuildFile; productRef = 3B1B578E2D300FD2007B1ECE /* FirebaseFunctionsCombine-Community */; };
		3B1B57912D300FD2007B1ECE /* FirebaseInAppMessaging-Beta in Frameworks */ = {isa = PBXBuildFile; productRef = 3B1B57902D300FD2007B1ECE /* FirebaseInAppMessaging-Beta */; };
		3B1B57932D300FD2007B1ECE /* FirebaseInstallations in Frameworks */ = {isa = PBXBuildFile; productRef = 3B1B57922D300FD2007B1ECE /* FirebaseInstallations */; };
		3B1B57952D300FD2007B1ECE /* FirebaseMessaging in Frameworks */ = {isa = PBXBuildFile; productRef = 3B1B57942D300FD2007B1ECE /* FirebaseMessaging */; };
		3B1B57972D300FD2007B1ECE /* FirebaseMLModelDownloader in Frameworks */ = {isa = PBXBuildFile; productRef = 3B1B57962D300FD2007B1ECE /* FirebaseMLModelDownloader */; };
		3B1B57992D300FD2007B1ECE /* FirebasePerformance in Frameworks */ = {isa = PBXBuildFile; productRef = 3B1B57982D300FD2007B1ECE /* FirebasePerformance */; };
		3B1B579B2D300FD2007B1ECE /* FirebaseRemoteConfig in Frameworks */ = {isa = PBXBuildFile; productRef = 3B1B579A2D300FD2007B1ECE /* FirebaseRemoteConfig */; };
		3B1B579D2D300FD2007B1ECE /* FirebaseStorage in Frameworks */ = {isa = PBXBuildFile; productRef = 3B1B579C2D300FD2007B1ECE /* FirebaseStorage */; };
		3B1B579F2D300FD3007B1ECE /* FirebaseStorageCombine-Community in Frameworks */ = {isa = PBXBuildFile; productRef = 3B1B579E2D300FD3007B1ECE /* FirebaseStorageCombine-Community */; };
		3B1B57A12D300FD3007B1ECE /* FirebaseVertexAI in Frameworks */ = {isa = PBXBuildFile; productRef = 3B1B57A02D300FD3007B1ECE /* FirebaseVertexAI */; };
		3B2B392E2D40A7DD005FAFBE /* KakaoSDKUser in Frameworks */ = {isa = PBXBuildFile; productRef = 3B2B392D2D40A7DD005FAFBE /* KakaoSDKUser */; };
		3B2B39312D40ABD3005FAFBE /* SceneDelegate.swift in Sources */ = {isa = PBXBuildFile; fileRef = 3B2B39302D40ABD0005FAFBE /* SceneDelegate.swift */; };
		3B2B39342D40BD9F005FAFBE /* AppDependency.swift in Sources */ = {isa = PBXBuildFile; fileRef = 3B2B39332D40BD9B005FAFBE /* AppDependency.swift */; };
		3B2B39362D40BE19005FAFBE /* LinkNavigator in Frameworks */ = {isa = PBXBuildFile; productRef = 3B2B39352D40BE19005FAFBE /* LinkNavigator */; };
		3B2B39382D40BE6F005FAFBE /* AppRouterGroup.swift in Sources */ = {isa = PBXBuildFile; fileRef = 3B2B39372D40BE6B005FAFBE /* AppRouterGroup.swift */; };
		3B2B393A2D40BF67005FAFBE /* RouteBuilder.swift in Sources */ = {isa = PBXBuildFile; fileRef = 3B2B39392D40BF65005FAFBE /* RouteBuilder.swift */; };
		3B2B393F2D40C5E4005FAFBE /* WebView.swift in Sources */ = {isa = PBXBuildFile; fileRef = 3B2B393E2D40C5E2005FAFBE /* WebView.swift */; };
		3B2B39412D43DF47005FAFBE /* WebViewConfigurator.swift in Sources */ = {isa = PBXBuildFile; fileRef = 3B2B39402D43DF42005FAFBE /* WebViewConfigurator.swift */; };
		3B2B39432D43DF60005FAFBE /* KloudEventScript.swift in Sources */ = {isa = PBXBuildFile; fileRef = 3B2B39422D43DF5B005FAFBE /* KloudEventScript.swift */; };
		3B2B39452D43DF75005FAFBE /* WebViewCoordinator.swift in Sources */ = {isa = PBXBuildFile; fileRef = 3B2B39442D43DF6F005FAFBE /* WebViewCoordinator.swift */; };
		3B2B39472D43DF86005FAFBE /* WebEventHandler.swift in Sources */ = {isa = PBXBuildFile; fileRef = 3B2B39462D43DF83005FAFBE /* WebEventHandler.swift */; };
		3B2B39492D43DF92005FAFBE /* HapticManager.swift in Sources */ = {isa = PBXBuildFile; fileRef = 3B2B39482D43DF90005FAFBE /* HapticManager.swift */; };
		3B2B394B2D43DFA3005FAFBE /* AppleLoginController.swift in Sources */ = {isa = PBXBuildFile; fileRef = 3B2B394A2D43DF9F005FAFBE /* AppleLoginController.swift */; };
		3B2B394D2D44720C005FAFBE /* ImageDialogViewController.swift in Sources */ = {isa = PBXBuildFile; fileRef = 3B2B394C2D447205005FAFBE /* ImageDialogViewController.swift */; };
		3B3BDCB82D38BDCE00B0F233 /* iamport-ios in Frameworks */ = {isa = PBXBuildFile; productRef = 3B3BDCB72D38BDCE00B0F233 /* iamport-ios */; };
		3B3BDCBA2D3A322800B0F233 /* Dialog.swift in Sources */ = {isa = PBXBuildFile; fileRef = 3B3BDCB92D3A322600B0F233 /* Dialog.swift */; };
		3B3BDCBD2D3A4BB300B0F233 /* KakaoSDKAuth in Frameworks */ = {isa = PBXBuildFile; productRef = 3B3BDCBC2D3A4BB300B0F233 /* KakaoSDKAuth */; };
		3B3BDCBF2D3A4BC000B0F233 /* KakaoSDKCommon in Frameworks */ = {isa = PBXBuildFile; productRef = 3B3BDCBE2D3A4BC000B0F233 /* KakaoSDKCommon */; };
		3B3BDCC22D3A7F4400B0F233 /* SVGKit in Frameworks */ = {isa = PBXBuildFile; productRef = 3B3BDCC12D3A7F4400B0F233 /* SVGKit */; };
		3B3BDCC72D3A813400B0F233 /* Kingfisher in Frameworks */ = {isa = PBXBuildFile; productRef = 3B3BDCC62D3A813400B0F233 /* Kingfisher */; };
		3B3BDCCA2D3A868E00B0F233 /* SDWebImage in Frameworks */ = {isa = PBXBuildFile; productRef = 3B3BDCC92D3A868E00B0F233 /* SDWebImage */; };
		3B3BDCCD2D3A884A00B0F233 /* SDWebImageSwiftUI in Frameworks */ = {isa = PBXBuildFile; productRef = 3B3BDCCC2D3A884A00B0F233 /* SDWebImageSwiftUI */; };
		3B3BDCD02D3A8D6400B0F233 /* SDWebImageSVGCoder in Frameworks */ = {isa = PBXBuildFile; productRef = 3B3BDCCF2D3A8D6400B0F233 /* SDWebImageSVGCoder */; };
		3B97169F2D1BABCF0024C34A /* rawgraphyApp.swift in Sources */ = {isa = PBXBuildFile; fileRef = 3B97169E2D1BABCF0024C34A /* rawgraphyApp.swift */; };
		3B9716A32D1BABD10024C34A /* Assets.xcassets in Resources */ = {isa = PBXBuildFile; fileRef = 3B9716A22D1BABD10024C34A /* Assets.xcassets */; };
		3B9716A72D1BABD10024C34A /* Preview Assets.xcassets in Resources */ = {isa = PBXBuildFile; fileRef = 3B9716A62D1BABD10024C34A /* Preview Assets.xcassets */; };
		3B9716B12D1BABD10024C34A /* rawgraphyTests.swift in Sources */ = {isa = PBXBuildFile; fileRef = 3B9716B02D1BABD10024C34A /* rawgraphyTests.swift */; };
		3B9716BB2D1BABD10024C34A /* rawgraphyUITests.swift in Sources */ = {isa = PBXBuildFile; fileRef = 3B9716BA2D1BABD10024C34A /* rawgraphyUITests.swift */; };
		3B9716BD2D1BABD10024C34A /* rawgraphyUITestsLaunchTests.swift in Sources */ = {isa = PBXBuildFile; fileRef = 3B9716BC2D1BABD10024C34A /* rawgraphyUITestsLaunchTests.swift */; };
		3B9716E12D2525420024C34A /* RawgraphyWebView.swift in Sources */ = {isa = PBXBuildFile; fileRef = 3B9716E02D2525420024C34A /* RawgraphyWebView.swift */; };
		3B9716EA2D2526B90024C34A /* MainView.swift in Sources */ = {isa = PBXBuildFile; fileRef = 3B9716E92D2526B90024C34A /* MainView.swift */; };
		3BBBF9872D253AB700AD8AD1 /* WebResponse.swift in Sources */ = {isa = PBXBuildFile; fileRef = 3BBBF9862D253AB700AD8AD1 /* WebResponse.swift */; };
		3BD50FF02D7BD3200000CF12 /* BottomSheet in Frameworks */ = {isa = PBXBuildFile; productRef = 3BD50FEF2D7BD3200000CF12 /* BottomSheet */; };
		3BFF9D242D2A493000D12386 /* Toast in Frameworks */ = {isa = PBXBuildFile; productRef = 3BFF9D232D2A493000D12386 /* Toast */; };
/* End PBXBuildFile section */

/* Begin PBXContainerItemProxy section */
		3B9716AD2D1BABD10024C34A /* PBXContainerItemProxy */ = {
			isa = PBXContainerItemProxy;
			containerPortal = 3B9716932D1BABCF0024C34A /* Project object */;
			proxyType = 1;
			remoteGlobalIDString = 3B97169A2D1BABCF0024C34A;
			remoteInfo = rawgraphy;
		};
		3B9716B72D1BABD10024C34A /* PBXContainerItemProxy */ = {
			isa = PBXContainerItemProxy;
			containerPortal = 3B9716932D1BABCF0024C34A /* Project object */;
			proxyType = 1;
			remoteGlobalIDString = 3B97169A2D1BABCF0024C34A;
			remoteInfo = rawgraphy;
		};
/* End PBXContainerItemProxy section */

/* Begin PBXFileReference section */
		3B1B576D2D300E9B007B1ECE /* GoogleService-Info.plist */ = {isa = PBXFileReference; lastKnownFileType = text.plist.xml; path = "GoogleService-Info.plist"; sourceTree = "<group>"; };
		3B1B57702D300FA7007B1ECE /* AppDelegate.swift */ = {isa = PBXFileReference; lastKnownFileType = sourcecode.swift; path = AppDelegate.swift; sourceTree = "<group>"; };
		3B2B39302D40ABD0005FAFBE /* SceneDelegate.swift */ = {isa = PBXFileReference; lastKnownFileType = sourcecode.swift; path = SceneDelegate.swift; sourceTree = "<group>"; };
		3B2B39332D40BD9B005FAFBE /* AppDependency.swift */ = {isa = PBXFileReference; lastKnownFileType = sourcecode.swift; path = AppDependency.swift; sourceTree = "<group>"; };
		3B2B39372D40BE6B005FAFBE /* AppRouterGroup.swift */ = {isa = PBXFileReference; lastKnownFileType = sourcecode.swift; path = AppRouterGroup.swift; sourceTree = "<group>"; };
		3B2B39392D40BF65005FAFBE /* RouteBuilder.swift */ = {isa = PBXFileReference; lastKnownFileType = sourcecode.swift; path = RouteBuilder.swift; sourceTree = "<group>"; };
		3B2B393E2D40C5E2005FAFBE /* WebView.swift */ = {isa = PBXFileReference; lastKnownFileType = sourcecode.swift; path = WebView.swift; sourceTree = "<group>"; };
		3B2B39402D43DF42005FAFBE /* WebViewConfigurator.swift */ = {isa = PBXFileReference; lastKnownFileType = sourcecode.swift; path = WebViewConfigurator.swift; sourceTree = "<group>"; };
		3B2B39422D43DF5B005FAFBE /* KloudEventScript.swift */ = {isa = PBXFileReference; lastKnownFileType = sourcecode.swift; path = KloudEventScript.swift; sourceTree = "<group>"; };
		3B2B39442D43DF6F005FAFBE /* WebViewCoordinator.swift */ = {isa = PBXFileReference; lastKnownFileType = sourcecode.swift; path = WebViewCoordinator.swift; sourceTree = "<group>"; };
		3B2B39462D43DF83005FAFBE /* WebEventHandler.swift */ = {isa = PBXFileReference; lastKnownFileType = sourcecode.swift; path = WebEventHandler.swift; sourceTree = "<group>"; };
		3B2B39482D43DF90005FAFBE /* HapticManager.swift */ = {isa = PBXFileReference; lastKnownFileType = sourcecode.swift; path = HapticManager.swift; sourceTree = "<group>"; };
		3B2B394A2D43DF9F005FAFBE /* AppleLoginController.swift */ = {isa = PBXFileReference; lastKnownFileType = sourcecode.swift; path = AppleLoginController.swift; sourceTree = "<group>"; };
		3B2B394C2D447205005FAFBE /* ImageDialogViewController.swift */ = {isa = PBXFileReference; lastKnownFileType = sourcecode.swift; path = ImageDialogViewController.swift; sourceTree = "<group>"; };
		3B3BDCB92D3A322600B0F233 /* Dialog.swift */ = {isa = PBXFileReference; lastKnownFileType = sourcecode.swift; path = Dialog.swift; sourceTree = "<group>"; };
		3B97169B2D1BABCF0024C34A /* rawgraphy.app */ = {isa = PBXFileReference; explicitFileType = wrapper.application; includeInIndex = 0; path = rawgraphy.app; sourceTree = BUILT_PRODUCTS_DIR; };
		3B97169E2D1BABCF0024C34A /* rawgraphyApp.swift */ = {isa = PBXFileReference; lastKnownFileType = sourcecode.swift; path = rawgraphyApp.swift; sourceTree = "<group>"; };
		3B9716A22D1BABD10024C34A /* Assets.xcassets */ = {isa = PBXFileReference; lastKnownFileType = folder.assetcatalog; path = Assets.xcassets; sourceTree = "<group>"; };
		3B9716A42D1BABD10024C34A /* rawgraphy.entitlements */ = {isa = PBXFileReference; lastKnownFileType = text.plist.entitlements; path = rawgraphy.entitlements; sourceTree = "<group>"; };
		3B9716A62D1BABD10024C34A /* Preview Assets.xcassets */ = {isa = PBXFileReference; lastKnownFileType = folder.assetcatalog; path = "Preview Assets.xcassets"; sourceTree = "<group>"; };
		3B9716AC2D1BABD10024C34A /* rawgraphyTests.xctest */ = {isa = PBXFileReference; explicitFileType = wrapper.cfbundle; includeInIndex = 0; path = rawgraphyTests.xctest; sourceTree = BUILT_PRODUCTS_DIR; };
		3B9716B02D1BABD10024C34A /* rawgraphyTests.swift */ = {isa = PBXFileReference; lastKnownFileType = sourcecode.swift; path = rawgraphyTests.swift; sourceTree = "<group>"; };
		3B9716B62D1BABD10024C34A /* rawgraphyUITests.xctest */ = {isa = PBXFileReference; explicitFileType = wrapper.cfbundle; includeInIndex = 0; path = rawgraphyUITests.xctest; sourceTree = BUILT_PRODUCTS_DIR; };
		3B9716BA2D1BABD10024C34A /* rawgraphyUITests.swift */ = {isa = PBXFileReference; lastKnownFileType = sourcecode.swift; path = rawgraphyUITests.swift; sourceTree = "<group>"; };
		3B9716BC2D1BABD10024C34A /* rawgraphyUITestsLaunchTests.swift */ = {isa = PBXFileReference; lastKnownFileType = sourcecode.swift; path = rawgraphyUITestsLaunchTests.swift; sourceTree = "<group>"; };
		3B9716CB2D1E21CB0024C34A /* Info.plist */ = {isa = PBXFileReference; lastKnownFileType = text.plist; path = Info.plist; sourceTree = "<group>"; };
		3B9716E02D2525420024C34A /* RawgraphyWebView.swift */ = {isa = PBXFileReference; lastKnownFileType = sourcecode.swift; path = RawgraphyWebView.swift; sourceTree = "<group>"; };
		3B9716E92D2526B90024C34A /* MainView.swift */ = {isa = PBXFileReference; lastKnownFileType = sourcecode.swift; path = MainView.swift; sourceTree = "<group>"; };
		3BBBF9862D253AB700AD8AD1 /* WebResponse.swift */ = {isa = PBXFileReference; lastKnownFileType = sourcecode.swift; path = WebResponse.swift; sourceTree = "<group>"; };
/* End PBXFileReference section */

/* Begin PBXFrameworksBuildPhase section */
		3B9716982D1BABCF0024C34A /* Frameworks */ = {
			isa = PBXFrameworksBuildPhase;
			buildActionMask = 2147483647;
			files = (
				3B3BDCD02D3A8D6400B0F233 /* SDWebImageSVGCoder in Frameworks */,
				3BD50FF02D7BD3200000CF12 /* BottomSheet in Frameworks */,
				3B1B57732D300FD2007B1ECE /* FirebaseAnalytics in Frameworks */,
				3B1B57892D300FD2007B1ECE /* FirebaseFirestore in Frameworks */,
				3B1B57752D300FD2007B1ECE /* FirebaseAnalyticsOnDeviceConversion in Frameworks */,
				3B1B57932D300FD2007B1ECE /* FirebaseInstallations in Frameworks */,
				3BFF9D242D2A493000D12386 /* Toast in Frameworks */,
				3B1B57792D300FD2007B1ECE /* FirebaseAppCheck in Frameworks */,
				3B1B57912D300FD2007B1ECE /* FirebaseInAppMessaging-Beta in Frameworks */,
				3B2B392E2D40A7DD005FAFBE /* KakaoSDKUser in Frameworks */,
				3B1B57972D300FD2007B1ECE /* FirebaseMLModelDownloader in Frameworks */,
				3B3BDCBF2D3A4BC000B0F233 /* KakaoSDKCommon in Frameworks */,
				3B2B39362D40BE19005FAFBE /* LinkNavigator in Frameworks */,
				3B1B57772D300FD2007B1ECE /* FirebaseAnalyticsWithoutAdIdSupport in Frameworks */,
				3B1B57952D300FD2007B1ECE /* FirebaseMessaging in Frameworks */,
				3B1B579F2D300FD3007B1ECE /* FirebaseStorageCombine-Community in Frameworks */,
				3B1B577D2D300FD2007B1ECE /* FirebaseAuth in Frameworks */,
				3B1B57A12D300FD3007B1ECE /* FirebaseVertexAI in Frameworks */,
				3B1B579D2D300FD2007B1ECE /* FirebaseStorage in Frameworks */,
				3B1B579B2D300FD2007B1ECE /* FirebaseRemoteConfig in Frameworks */,
				3B3BDCB82D38BDCE00B0F233 /* iamport-ios in Frameworks */,
				3B1B578F2D300FD2007B1ECE /* FirebaseFunctionsCombine-Community in Frameworks */,
				3B3BDCBD2D3A4BB300B0F233 /* KakaoSDKAuth in Frameworks */,
				3B1B577B2D300FD2007B1ECE /* FirebaseAppDistribution-Beta in Frameworks */,
				3B3BDCCD2D3A884A00B0F233 /* SDWebImageSwiftUI in Frameworks */,
				3B1B57832D300FD2007B1ECE /* FirebaseCrashlytics in Frameworks */,
				3B3BDCC22D3A7F4400B0F233 /* SVGKit in Frameworks */,
				3B1B57992D300FD2007B1ECE /* FirebasePerformance in Frameworks */,
				3B3BDCCA2D3A868E00B0F233 /* SDWebImage in Frameworks */,
				3B1B57852D300FD2007B1ECE /* FirebaseDatabase in Frameworks */,
				3B3BDCC72D3A813400B0F233 /* Kingfisher in Frameworks */,
				3B1B57812D300FD2007B1ECE /* FirebaseCore in Frameworks */,
				3B1B577F2D300FD2007B1ECE /* FirebaseAuthCombine-Community in Frameworks */,
				3B1B578D2D300FD2007B1ECE /* FirebaseFunctions in Frameworks */,
				3B1B57872D300FD2007B1ECE /* FirebaseDynamicLinks in Frameworks */,
				3B1B578B2D300FD2007B1ECE /* FirebaseFirestoreCombine-Community in Frameworks */,
			);
			runOnlyForDeploymentPostprocessing = 0;
		};
		3B9716A92D1BABD10024C34A /* Frameworks */ = {
			isa = PBXFrameworksBuildPhase;
			buildActionMask = 2147483647;
			files = (
			);
			runOnlyForDeploymentPostprocessing = 0;
		};
		3B9716B32D1BABD10024C34A /* Frameworks */ = {
			isa = PBXFrameworksBuildPhase;
			buildActionMask = 2147483647;
			files = (
			);
			runOnlyForDeploymentPostprocessing = 0;
		};
/* End PBXFrameworksBuildPhase section */

/* Begin PBXGroup section */
		3B9716922D1BABCF0024C34A = {
			isa = PBXGroup;
			children = (
				3B97169D2D1BABCF0024C34A /* rawgraphy */,
				3B9716AF2D1BABD10024C34A /* rawgraphyTests */,
				3B9716B92D1BABD10024C34A /* rawgraphyUITests */,
				3B97169C2D1BABCF0024C34A /* Products */,
				3B9716D42D2523F60024C34A /* Frameworks */,
			);
			sourceTree = "<group>";
		};
		3B97169C2D1BABCF0024C34A /* Products */ = {
			isa = PBXGroup;
			children = (
				3B97169B2D1BABCF0024C34A /* rawgraphy.app */,
				3B9716AC2D1BABD10024C34A /* rawgraphyTests.xctest */,
				3B9716B62D1BABD10024C34A /* rawgraphyUITests.xctest */,
			);
			name = Products;
			sourceTree = "<group>";
		};
		3B97169D2D1BABCF0024C34A /* rawgraphy */ = {
			isa = PBXGroup;
			children = (
				3B2B394C2D447205005FAFBE /* ImageDialogViewController.swift */,
				3B2B394A2D43DF9F005FAFBE /* AppleLoginController.swift */,
				3B2B39482D43DF90005FAFBE /* HapticManager.swift */,
				3B2B39462D43DF83005FAFBE /* WebEventHandler.swift */,
				3B2B39442D43DF6F005FAFBE /* WebViewCoordinator.swift */,
				3B2B39422D43DF5B005FAFBE /* KloudEventScript.swift */,
				3B2B39402D43DF42005FAFBE /* WebViewConfigurator.swift */,
				3B2B39392D40BF65005FAFBE /* RouteBuilder.swift */,
				3B2B39372D40BE6B005FAFBE /* AppRouterGroup.swift */,
				3B2B39332D40BD9B005FAFBE /* AppDependency.swift */,
				3B2B39302D40ABD0005FAFBE /* SceneDelegate.swift */,
				3B3BDCB92D3A322600B0F233 /* Dialog.swift */,
				3B1B57702D300FA7007B1ECE /* AppDelegate.swift */,
				3B1B576D2D300E9B007B1ECE /* GoogleService-Info.plist */,
				3B9716CB2D1E21CB0024C34A /* Info.plist */,
				3B97169E2D1BABCF0024C34A /* rawgraphyApp.swift */,
				3B9716A22D1BABD10024C34A /* Assets.xcassets */,
				3B9716A42D1BABD10024C34A /* rawgraphy.entitlements */,
				3B9716A52D1BABD10024C34A /* Preview Content */,
				3B9716E02D2525420024C34A /* RawgraphyWebView.swift */,
				3B9716E92D2526B90024C34A /* MainView.swift */,
				3B2B393E2D40C5E2005FAFBE /* WebView.swift */,
				3BBBF9862D253AB700AD8AD1 /* WebResponse.swift */,
			);
			path = rawgraphy;
			sourceTree = "<group>";
		};
		3B9716A52D1BABD10024C34A /* Preview Content */ = {
			isa = PBXGroup;
			children = (
				3B9716A62D1BABD10024C34A /* Preview Assets.xcassets */,
			);
			path = "Preview Content";
			sourceTree = "<group>";
		};
		3B9716AF2D1BABD10024C34A /* rawgraphyTests */ = {
			isa = PBXGroup;
			children = (
				3B9716B02D1BABD10024C34A /* rawgraphyTests.swift */,
			);
			path = rawgraphyTests;
			sourceTree = "<group>";
		};
		3B9716B92D1BABD10024C34A /* rawgraphyUITests */ = {
			isa = PBXGroup;
			children = (
				3B9716BA2D1BABD10024C34A /* rawgraphyUITests.swift */,
				3B9716BC2D1BABD10024C34A /* rawgraphyUITestsLaunchTests.swift */,
			);
			path = rawgraphyUITests;
			sourceTree = "<group>";
		};
		3B9716D42D2523F60024C34A /* Frameworks */ = {
			isa = PBXGroup;
			children = (
			);
			name = Frameworks;
			sourceTree = "<group>";
		};
/* End PBXGroup section */

/* Begin PBXNativeTarget section */
		3B97169A2D1BABCF0024C34A /* rawgraphy */ = {
			isa = PBXNativeTarget;
			buildConfigurationList = 3B9716C02D1BABD10024C34A /* Build configuration list for PBXNativeTarget "rawgraphy" */;
			buildPhases = (
				3B9716972D1BABCF0024C34A /* Sources */,
				3B9716982D1BABCF0024C34A /* Frameworks */,
				3B9716992D1BABCF0024C34A /* Resources */,
			);
			buildRules = (
			);
			dependencies = (
			);
			name = rawgraphy;
			packageProductDependencies = (
				3BFF9D232D2A493000D12386 /* Toast */,
				3B1B57722D300FD2007B1ECE /* FirebaseAnalytics */,
				3B1B57742D300FD2007B1ECE /* FirebaseAnalyticsOnDeviceConversion */,
				3B1B57762D300FD2007B1ECE /* FirebaseAnalyticsWithoutAdIdSupport */,
				3B1B57782D300FD2007B1ECE /* FirebaseAppCheck */,
				3B1B577A2D300FD2007B1ECE /* FirebaseAppDistribution-Beta */,
				3B1B577C2D300FD2007B1ECE /* FirebaseAuth */,
				3B1B577E2D300FD2007B1ECE /* FirebaseAuthCombine-Community */,
				3B1B57802D300FD2007B1ECE /* FirebaseCore */,
				3B1B57822D300FD2007B1ECE /* FirebaseCrashlytics */,
				3B1B57842D300FD2007B1ECE /* FirebaseDatabase */,
				3B1B57862D300FD2007B1ECE /* FirebaseDynamicLinks */,
				3B1B57882D300FD2007B1ECE /* FirebaseFirestore */,
				3B1B578A2D300FD2007B1ECE /* FirebaseFirestoreCombine-Community */,
				3B1B578C2D300FD2007B1ECE /* FirebaseFunctions */,
				3B1B578E2D300FD2007B1ECE /* FirebaseFunctionsCombine-Community */,
				3B1B57902D300FD2007B1ECE /* FirebaseInAppMessaging-Beta */,
				3B1B57922D300FD2007B1ECE /* FirebaseInstallations */,
				3B1B57942D300FD2007B1ECE /* FirebaseMessaging */,
				3B1B57962D300FD2007B1ECE /* FirebaseMLModelDownloader */,
				3B1B57982D300FD2007B1ECE /* FirebasePerformance */,
				3B1B579A2D300FD2007B1ECE /* FirebaseRemoteConfig */,
				3B1B579C2D300FD2007B1ECE /* FirebaseStorage */,
				3B1B579E2D300FD3007B1ECE /* FirebaseStorageCombine-Community */,
				3B1B57A02D300FD3007B1ECE /* FirebaseVertexAI */,
				3B3BDCB72D38BDCE00B0F233 /* iamport-ios */,
				3B3BDCBC2D3A4BB300B0F233 /* KakaoSDKAuth */,
				3B3BDCBE2D3A4BC000B0F233 /* KakaoSDKCommon */,
				3B3BDCC12D3A7F4400B0F233 /* SVGKit */,
				3B3BDCC62D3A813400B0F233 /* Kingfisher */,
				3B3BDCC92D3A868E00B0F233 /* SDWebImage */,
				3B3BDCCC2D3A884A00B0F233 /* SDWebImageSwiftUI */,
				3B3BDCCF2D3A8D6400B0F233 /* SDWebImageSVGCoder */,
				3B2B392D2D40A7DD005FAFBE /* KakaoSDKUser */,
				3B2B39352D40BE19005FAFBE /* LinkNavigator */,
				3BD50FEF2D7BD3200000CF12 /* BottomSheet */,
			);
			productName = rawgraphy;
			productReference = 3B97169B2D1BABCF0024C34A /* rawgraphy.app */;
			productType = "com.apple.product-type.application";
		};
		3B9716AB2D1BABD10024C34A /* rawgraphyTests */ = {
			isa = PBXNativeTarget;
			buildConfigurationList = 3B9716C32D1BABD10024C34A /* Build configuration list for PBXNativeTarget "rawgraphyTests" */;
			buildPhases = (
				3B9716A82D1BABD10024C34A /* Sources */,
				3B9716A92D1BABD10024C34A /* Frameworks */,
				3B9716AA2D1BABD10024C34A /* Resources */,
			);
			buildRules = (
			);
			dependencies = (
				3B9716AE2D1BABD10024C34A /* PBXTargetDependency */,
			);
			name = rawgraphyTests;
			productName = rawgraphyTests;
			productReference = 3B9716AC2D1BABD10024C34A /* rawgraphyTests.xctest */;
			productType = "com.apple.product-type.bundle.unit-test";
		};
		3B9716B52D1BABD10024C34A /* rawgraphyUITests */ = {
			isa = PBXNativeTarget;
			buildConfigurationList = 3B9716C62D1BABD10024C34A /* Build configuration list for PBXNativeTarget "rawgraphyUITests" */;
			buildPhases = (
				3B9716B22D1BABD10024C34A /* Sources */,
				3B9716B32D1BABD10024C34A /* Frameworks */,
				3B9716B42D1BABD10024C34A /* Resources */,
			);
			buildRules = (
			);
			dependencies = (
				3B9716B82D1BABD10024C34A /* PBXTargetDependency */,
			);
			name = rawgraphyUITests;
			productName = rawgraphyUITests;
			productReference = 3B9716B62D1BABD10024C34A /* rawgraphyUITests.xctest */;
			productType = "com.apple.product-type.bundle.ui-testing";
		};
/* End PBXNativeTarget section */

/* Begin PBXProject section */
		3B9716932D1BABCF0024C34A /* Project object */ = {
			isa = PBXProject;
			attributes = {
				BuildIndependentTargetsInParallel = 1;
				LastSwiftUpdateCheck = 1420;
				LastUpgradeCheck = 1420;
				TargetAttributes = {
					3B97169A2D1BABCF0024C34A = {
						CreatedOnToolsVersion = 14.2;
					};
					3B9716AB2D1BABD10024C34A = {
						CreatedOnToolsVersion = 14.2;
						TestTargetID = 3B97169A2D1BABCF0024C34A;
					};
					3B9716B52D1BABD10024C34A = {
						CreatedOnToolsVersion = 14.2;
						TestTargetID = 3B97169A2D1BABCF0024C34A;
					};
				};
			};
			buildConfigurationList = 3B9716962D1BABCF0024C34A /* Build configuration list for PBXProject "rawgraphy" */;
			compatibilityVersion = "Xcode 14.0";
			developmentRegion = en;
			hasScannedForEncodings = 0;
			knownRegions = (
				en,
				Base,
			);
			mainGroup = 3B9716922D1BABCF0024C34A;
			packageReferences = (
				3BFF9D222D2A491D00D12386 /* XCRemoteSwiftPackageReference "Toast-Swift" */,
				3B1B576F2D300F07007B1ECE /* XCRemoteSwiftPackageReference "firebase-ios-sdk" */,
				3B3BDCB62D38BD2500B0F233 /* XCRemoteSwiftPackageReference "iamport-ios" */,
				3B3BDCBB2D3A4B6F00B0F233 /* XCRemoteSwiftPackageReference "kakao-ios-sdk" */,
				3B3BDCC02D3A7F3500B0F233 /* XCRemoteSwiftPackageReference "SVGKit" */,
				3B3BDCC52D3A809600B0F233 /* XCRemoteSwiftPackageReference "Kingfisher" */,
				3B3BDCC82D3A867800B0F233 /* XCRemoteSwiftPackageReference "SDWebImage" */,
				3B3BDCCB2D3A883D00B0F233 /* XCRemoteSwiftPackageReference "SDWebImageSwiftUI" */,
				3B3BDCCE2D3A8CCD00B0F233 /* XCRemoteSwiftPackageReference "SDWebImageSVGCoder" */,
				3B2B39322D40BD66005FAFBE /* XCRemoteSwiftPackageReference "LinkNavigator" */,
				3BD50FEE2D7BD1D90000CF12 /* XCRemoteSwiftPackageReference "BottomSheet" */,
			);
			productRefGroup = 3B97169C2D1BABCF0024C34A /* Products */;
			projectDirPath = "";
			projectRoot = "";
			targets = (
				3B97169A2D1BABCF0024C34A /* rawgraphy */,
				3B9716AB2D1BABD10024C34A /* rawgraphyTests */,
				3B9716B52D1BABD10024C34A /* rawgraphyUITests */,
			);
		};
/* End PBXProject section */

/* Begin PBXResourcesBuildPhase section */
		3B9716992D1BABCF0024C34A /* Resources */ = {
			isa = PBXResourcesBuildPhase;
			buildActionMask = 2147483647;
			files = (
				3B9716A72D1BABD10024C34A /* Preview Assets.xcassets in Resources */,
				3B1B576E2D300E9B007B1ECE /* GoogleService-Info.plist in Resources */,
				3B9716A32D1BABD10024C34A /* Assets.xcassets in Resources */,
			);
			runOnlyForDeploymentPostprocessing = 0;
		};
		3B9716AA2D1BABD10024C34A /* Resources */ = {
			isa = PBXResourcesBuildPhase;
			buildActionMask = 2147483647;
			files = (
			);
			runOnlyForDeploymentPostprocessing = 0;
		};
		3B9716B42D1BABD10024C34A /* Resources */ = {
			isa = PBXResourcesBuildPhase;
			buildActionMask = 2147483647;
			files = (
			);
			runOnlyForDeploymentPostprocessing = 0;
		};
/* End PBXResourcesBuildPhase section */

/* Begin PBXSourcesBuildPhase section */
		3B9716972D1BABCF0024C34A /* Sources */ = {
			isa = PBXSourcesBuildPhase;
			buildActionMask = 2147483647;
			files = (
				3B2B39382D40BE6F005FAFBE /* AppRouterGroup.swift in Sources */,
				3B9716EA2D2526B90024C34A /* MainView.swift in Sources */,
				3B2B39492D43DF92005FAFBE /* HapticManager.swift in Sources */,
				3B2B39472D43DF86005FAFBE /* WebEventHandler.swift in Sources */,
				3B2B394D2D44720C005FAFBE /* ImageDialogViewController.swift in Sources */,
				3B3BDCBA2D3A322800B0F233 /* Dialog.swift in Sources */,
				3BBBF9872D253AB700AD8AD1 /* WebResponse.swift in Sources */,
				3B2B39412D43DF47005FAFBE /* WebViewConfigurator.swift in Sources */,
				3B2B39432D43DF60005FAFBE /* KloudEventScript.swift in Sources */,
				3B1B57712D300FAA007B1ECE /* AppDelegate.swift in Sources */,
				3B2B393A2D40BF67005FAFBE /* RouteBuilder.swift in Sources */,
				3B2B39452D43DF75005FAFBE /* WebViewCoordinator.swift in Sources */,
				3B2B394B2D43DFA3005FAFBE /* AppleLoginController.swift in Sources */,
				3B2B39342D40BD9F005FAFBE /* AppDependency.swift in Sources */,
				3B9716E12D2525420024C34A /* RawgraphyWebView.swift in Sources */,
				3B97169F2D1BABCF0024C34A /* rawgraphyApp.swift in Sources */,
				3B2B39312D40ABD3005FAFBE /* SceneDelegate.swift in Sources */,
				3B2B393F2D40C5E4005FAFBE /* WebView.swift in Sources */,
			);
			runOnlyForDeploymentPostprocessing = 0;
		};
		3B9716A82D1BABD10024C34A /* Sources */ = {
			isa = PBXSourcesBuildPhase;
			buildActionMask = 2147483647;
			files = (
				3B9716B12D1BABD10024C34A /* rawgraphyTests.swift in Sources */,
			);
			runOnlyForDeploymentPostprocessing = 0;
		};
		3B9716B22D1BABD10024C34A /* Sources */ = {
			isa = PBXSourcesBuildPhase;
			buildActionMask = 2147483647;
			files = (
				3B9716BD2D1BABD10024C34A /* rawgraphyUITestsLaunchTests.swift in Sources */,
				3B9716BB2D1BABD10024C34A /* rawgraphyUITests.swift in Sources */,
			);
			runOnlyForDeploymentPostprocessing = 0;
		};
/* End PBXSourcesBuildPhase section */

/* Begin PBXTargetDependency section */
		3B9716AE2D1BABD10024C34A /* PBXTargetDependency */ = {
			isa = PBXTargetDependency;
			target = 3B97169A2D1BABCF0024C34A /* rawgraphy */;
			targetProxy = 3B9716AD2D1BABD10024C34A /* PBXContainerItemProxy */;
		};
		3B9716B82D1BABD10024C34A /* PBXTargetDependency */ = {
			isa = PBXTargetDependency;
			target = 3B97169A2D1BABCF0024C34A /* rawgraphy */;
			targetProxy = 3B9716B72D1BABD10024C34A /* PBXContainerItemProxy */;
		};
/* End PBXTargetDependency section */

/* Begin XCBuildConfiguration section */
		3B9716BE2D1BABD10024C34A /* Debug */ = {
			isa = XCBuildConfiguration;
			buildSettings = {
				ALWAYS_SEARCH_USER_PATHS = NO;
				CLANG_ANALYZER_NONNULL = YES;
				CLANG_ANALYZER_NUMBER_OBJECT_CONVERSION = YES_AGGRESSIVE;
				CLANG_CXX_LANGUAGE_STANDARD = "gnu++20";
				CLANG_ENABLE_MODULES = YES;
				CLANG_ENABLE_OBJC_ARC = YES;
				CLANG_ENABLE_OBJC_WEAK = YES;
				CLANG_WARN_BLOCK_CAPTURE_AUTORELEASING = YES;
				CLANG_WARN_BOOL_CONVERSION = YES;
				CLANG_WARN_COMMA = YES;
				CLANG_WARN_CONSTANT_CONVERSION = YES;
				CLANG_WARN_DEPRECATED_OBJC_IMPLEMENTATIONS = YES;
				CLANG_WARN_DIRECT_OBJC_ISA_USAGE = YES_ERROR;
				CLANG_WARN_DOCUMENTATION_COMMENTS = YES;
				CLANG_WARN_EMPTY_BODY = YES;
				CLANG_WARN_ENUM_CONVERSION = YES;
				CLANG_WARN_INFINITE_RECURSION = YES;
				CLANG_WARN_INT_CONVERSION = YES;
				CLANG_WARN_NON_LITERAL_NULL_CONVERSION = YES;
				CLANG_WARN_OBJC_IMPLICIT_RETAIN_SELF = YES;
				CLANG_WARN_OBJC_LITERAL_CONVERSION = YES;
				CLANG_WARN_OBJC_ROOT_CLASS = YES_ERROR;
				CLANG_WARN_QUOTED_INCLUDE_IN_FRAMEWORK_HEADER = YES;
				CLANG_WARN_RANGE_LOOP_ANALYSIS = YES;
				CLANG_WARN_STRICT_PROTOTYPES = YES;
				CLANG_WARN_SUSPICIOUS_MOVE = YES;
				CLANG_WARN_UNGUARDED_AVAILABILITY = YES_AGGRESSIVE;
				CLANG_WARN_UNREACHABLE_CODE = YES;
				CLANG_WARN__DUPLICATE_METHOD_MATCH = YES;
				COPY_PHASE_STRIP = NO;
				DEBUG_INFORMATION_FORMAT = dwarf;
				ENABLE_STRICT_OBJC_MSGSEND = YES;
				ENABLE_TESTABILITY = YES;
				GCC_C_LANGUAGE_STANDARD = gnu11;
				GCC_DYNAMIC_NO_PIC = NO;
				GCC_NO_COMMON_BLOCKS = YES;
				GCC_OPTIMIZATION_LEVEL = 0;
				GCC_PREPROCESSOR_DEFINITIONS = (
					"DEBUG=1",
					"$(inherited)",
				);
				GCC_WARN_64_TO_32_BIT_CONVERSION = YES;
				GCC_WARN_ABOUT_RETURN_TYPE = YES_ERROR;
				GCC_WARN_UNDECLARED_SELECTOR = YES;
				GCC_WARN_UNINITIALIZED_AUTOS = YES_AGGRESSIVE;
				GCC_WARN_UNUSED_FUNCTION = YES;
				GCC_WARN_UNUSED_VARIABLE = YES;
				MTL_ENABLE_DEBUG_INFO = INCLUDE_SOURCE;
				MTL_FAST_MATH = YES;
				ONLY_ACTIVE_ARCH = YES;
				SWIFT_ACTIVE_COMPILATION_CONDITIONS = DEBUG;
				SWIFT_OPTIMIZATION_LEVEL = "-Onone";
			};
			name = Debug;
		};
		3B9716BF2D1BABD10024C34A /* Release */ = {
			isa = XCBuildConfiguration;
			buildSettings = {
				ALWAYS_SEARCH_USER_PATHS = NO;
				CLANG_ANALYZER_NONNULL = YES;
				CLANG_ANALYZER_NUMBER_OBJECT_CONVERSION = YES_AGGRESSIVE;
				CLANG_CXX_LANGUAGE_STANDARD = "gnu++20";
				CLANG_ENABLE_MODULES = YES;
				CLANG_ENABLE_OBJC_ARC = YES;
				CLANG_ENABLE_OBJC_WEAK = YES;
				CLANG_WARN_BLOCK_CAPTURE_AUTORELEASING = YES;
				CLANG_WARN_BOOL_CONVERSION = YES;
				CLANG_WARN_COMMA = YES;
				CLANG_WARN_CONSTANT_CONVERSION = YES;
				CLANG_WARN_DEPRECATED_OBJC_IMPLEMENTATIONS = YES;
				CLANG_WARN_DIRECT_OBJC_ISA_USAGE = YES_ERROR;
				CLANG_WARN_DOCUMENTATION_COMMENTS = YES;
				CLANG_WARN_EMPTY_BODY = YES;
				CLANG_WARN_ENUM_CONVERSION = YES;
				CLANG_WARN_INFINITE_RECURSION = YES;
				CLANG_WARN_INT_CONVERSION = YES;
				CLANG_WARN_NON_LITERAL_NULL_CONVERSION = YES;
				CLANG_WARN_OBJC_IMPLICIT_RETAIN_SELF = YES;
				CLANG_WARN_OBJC_LITERAL_CONVERSION = YES;
				CLANG_WARN_OBJC_ROOT_CLASS = YES_ERROR;
				CLANG_WARN_QUOTED_INCLUDE_IN_FRAMEWORK_HEADER = YES;
				CLANG_WARN_RANGE_LOOP_ANALYSIS = YES;
				CLANG_WARN_STRICT_PROTOTYPES = YES;
				CLANG_WARN_SUSPICIOUS_MOVE = YES;
				CLANG_WARN_UNGUARDED_AVAILABILITY = YES_AGGRESSIVE;
				CLANG_WARN_UNREACHABLE_CODE = YES;
				CLANG_WARN__DUPLICATE_METHOD_MATCH = YES;
				COPY_PHASE_STRIP = NO;
				DEBUG_INFORMATION_FORMAT = "dwarf-with-dsym";
				ENABLE_NS_ASSERTIONS = NO;
				ENABLE_STRICT_OBJC_MSGSEND = YES;
				GCC_C_LANGUAGE_STANDARD = gnu11;
				GCC_NO_COMMON_BLOCKS = YES;
				GCC_WARN_64_TO_32_BIT_CONVERSION = YES;
				GCC_WARN_ABOUT_RETURN_TYPE = YES_ERROR;
				GCC_WARN_UNDECLARED_SELECTOR = YES;
				GCC_WARN_UNINITIALIZED_AUTOS = YES_AGGRESSIVE;
				GCC_WARN_UNUSED_FUNCTION = YES;
				GCC_WARN_UNUSED_VARIABLE = YES;
				MTL_ENABLE_DEBUG_INFO = NO;
				MTL_FAST_MATH = YES;
				SWIFT_COMPILATION_MODE = wholemodule;
				SWIFT_OPTIMIZATION_LEVEL = "-O";
			};
			name = Release;
		};
		3B9716C12D1BABD10024C34A /* Debug */ = {
			isa = XCBuildConfiguration;
			buildSettings = {
				ASSETCATALOG_COMPILER_APPICON_NAME = AppIcon;
				ASSETCATALOG_COMPILER_GLOBAL_ACCENT_COLOR_NAME = AccentColor;
				ASSETCATALOG_COMPILER_INCLUDE_ALL_APPICON_ASSETS = YES;
				CODE_SIGN_ENTITLEMENTS = rawgraphy/rawgraphy.entitlements;
				"CODE_SIGN_IDENTITY[sdk=macosx*]" = "Apple Development";
				CODE_SIGN_STYLE = Automatic;
				CURRENT_PROJECT_VERSION = 17;
				DEVELOPMENT_ASSET_PATHS = "\"rawgraphy/Preview Content\"";
				DEVELOPMENT_TEAM = AWMR6W6KV4;
				ENABLE_HARDENED_RUNTIME = YES;
				ENABLE_PREVIEWS = YES;
				GENERATE_INFOPLIST_FILE = YES;
				INFOPLIST_FILE = rawgraphy/Info.plist;
				INFOPLIST_KEY_CFBundleDisplayName = Rawgraphy;
				INFOPLIST_KEY_LSApplicationCategoryType = "public.app-category.entertainment";
				"INFOPLIST_KEY_UIApplicationSceneManifest_Generation[sdk=iphoneos*]" = YES;
				"INFOPLIST_KEY_UIApplicationSceneManifest_Generation[sdk=iphonesimulator*]" = YES;
				"INFOPLIST_KEY_UIApplicationSupportsIndirectInputEvents[sdk=iphoneos*]" = YES;
				"INFOPLIST_KEY_UIApplicationSupportsIndirectInputEvents[sdk=iphonesimulator*]" = YES;
				"INFOPLIST_KEY_UILaunchScreen_Generation[sdk=iphoneos*]" = YES;
				"INFOPLIST_KEY_UILaunchScreen_Generation[sdk=iphonesimulator*]" = YES;
				"INFOPLIST_KEY_UIStatusBarStyle[sdk=iphoneos*]" = UIStatusBarStyleDefault;
				"INFOPLIST_KEY_UIStatusBarStyle[sdk=iphonesimulator*]" = UIStatusBarStyleDefault;
				INFOPLIST_KEY_UISupportedInterfaceOrientations_iPad = "UIInterfaceOrientationPortrait UIInterfaceOrientationPortraitUpsideDown UIInterfaceOrientationLandscapeLeft UIInterfaceOrientationLandscapeRight";
				INFOPLIST_KEY_UISupportedInterfaceOrientations_iPhone = "UIInterfaceOrientationPortrait UIInterfaceOrientationLandscapeLeft UIInterfaceOrientationLandscapeRight";
				IPHONEOS_DEPLOYMENT_TARGET = 16.2;
				LD_RUNPATH_SEARCH_PATHS = "@executable_path/Frameworks";
				"LD_RUNPATH_SEARCH_PATHS[sdk=macosx*]" = "@executable_path/../Frameworks";
				MACOSX_DEPLOYMENT_TARGET = 13.1;
				MARKETING_VERSION = 1.0.11;
				PRODUCT_BUNDLE_IDENTIFIER = com.worksd.krush;
				PRODUCT_NAME = "$(TARGET_NAME)";
				SDKROOT = auto;
				SUPPORTED_PLATFORMS = "iphoneos iphonesimulator macosx";
				SWIFT_EMIT_LOC_STRINGS = YES;
				SWIFT_VERSION = 5.0;
				TARGETED_DEVICE_FAMILY = "1,2";
			};
			name = Debug;
		};
		3B9716C22D1BABD10024C34A /* Release */ = {
			isa = XCBuildConfiguration;
			buildSettings = {
				ASSETCATALOG_COMPILER_APPICON_NAME = AppIcon;
				ASSETCATALOG_COMPILER_GLOBAL_ACCENT_COLOR_NAME = AccentColor;
				ASSETCATALOG_COMPILER_INCLUDE_ALL_APPICON_ASSETS = YES;
				CODE_SIGN_ENTITLEMENTS = rawgraphy/rawgraphy.entitlements;
				"CODE_SIGN_IDENTITY[sdk=macosx*]" = "Apple Development";
				CODE_SIGN_STYLE = Automatic;
				CURRENT_PROJECT_VERSION = 17;
				DEVELOPMENT_ASSET_PATHS = "\"rawgraphy/Preview Content\"";
				DEVELOPMENT_TEAM = AWMR6W6KV4;
				ENABLE_HARDENED_RUNTIME = YES;
				ENABLE_PREVIEWS = YES;
				GENERATE_INFOPLIST_FILE = YES;
				INFOPLIST_FILE = rawgraphy/Info.plist;
				INFOPLIST_KEY_CFBundleDisplayName = Rawgraphy;
				INFOPLIST_KEY_LSApplicationCategoryType = "public.app-category.entertainment";
				"INFOPLIST_KEY_UIApplicationSceneManifest_Generation[sdk=iphoneos*]" = YES;
				"INFOPLIST_KEY_UIApplicationSceneManifest_Generation[sdk=iphonesimulator*]" = YES;
				"INFOPLIST_KEY_UIApplicationSupportsIndirectInputEvents[sdk=iphoneos*]" = YES;
				"INFOPLIST_KEY_UIApplicationSupportsIndirectInputEvents[sdk=iphonesimulator*]" = YES;
				"INFOPLIST_KEY_UILaunchScreen_Generation[sdk=iphoneos*]" = YES;
				"INFOPLIST_KEY_UILaunchScreen_Generation[sdk=iphonesimulator*]" = YES;
				"INFOPLIST_KEY_UIStatusBarStyle[sdk=iphoneos*]" = UIStatusBarStyleDefault;
				"INFOPLIST_KEY_UIStatusBarStyle[sdk=iphonesimulator*]" = UIStatusBarStyleDefault;
				INFOPLIST_KEY_UISupportedInterfaceOrientations_iPad = "UIInterfaceOrientationPortrait UIInterfaceOrientationPortraitUpsideDown UIInterfaceOrientationLandscapeLeft UIInterfaceOrientationLandscapeRight";
				INFOPLIST_KEY_UISupportedInterfaceOrientations_iPhone = "UIInterfaceOrientationPortrait UIInterfaceOrientationLandscapeLeft UIInterfaceOrientationLandscapeRight";
				IPHONEOS_DEPLOYMENT_TARGET = 16.2;
				LD_RUNPATH_SEARCH_PATHS = "@executable_path/Frameworks";
				"LD_RUNPATH_SEARCH_PATHS[sdk=macosx*]" = "@executable_path/../Frameworks";
				MACOSX_DEPLOYMENT_TARGET = 13.1;
				MARKETING_VERSION = 1.0.11;
				PRODUCT_BUNDLE_IDENTIFIER = com.worksd.krush;
				PRODUCT_NAME = "$(TARGET_NAME)";
				SDKROOT = auto;
				SUPPORTED_PLATFORMS = "iphoneos iphonesimulator macosx";
				SWIFT_EMIT_LOC_STRINGS = YES;
				SWIFT_VERSION = 5.0;
				TARGETED_DEVICE_FAMILY = "1,2";
			};
			name = Release;
		};
		3B9716C42D1BABD10024C34A /* Debug */ = {
			isa = XCBuildConfiguration;
			buildSettings = {
				ALWAYS_EMBED_SWIFT_STANDARD_LIBRARIES = YES;
				BUNDLE_LOADER = "$(TEST_HOST)";
				CODE_SIGN_STYLE = Automatic;
				CURRENT_PROJECT_VERSION = 1;
				DEVELOPMENT_TEAM = NP3DCVXSX3;
				GENERATE_INFOPLIST_FILE = YES;
				IPHONEOS_DEPLOYMENT_TARGET = 16.2;
				MACOSX_DEPLOYMENT_TARGET = 13.1;
				MARKETING_VERSION = 1.0;
				PRODUCT_BUNDLE_IDENTIFIER = com.worksd.krush.rawgraphyTests;
				PRODUCT_NAME = "$(TARGET_NAME)";
				SDKROOT = auto;
				SUPPORTED_PLATFORMS = "iphoneos iphonesimulator macosx";
				SWIFT_EMIT_LOC_STRINGS = NO;
				SWIFT_VERSION = 5.0;
				TARGETED_DEVICE_FAMILY = "1,2";
				TEST_HOST = "$(BUILT_PRODUCTS_DIR)/rawgraphy.app/$(BUNDLE_EXECUTABLE_FOLDER_PATH)/rawgraphy";
			};
			name = Debug;
		};
		3B9716C52D1BABD10024C34A /* Release */ = {
			isa = XCBuildConfiguration;
			buildSettings = {
				ALWAYS_EMBED_SWIFT_STANDARD_LIBRARIES = YES;
				BUNDLE_LOADER = "$(TEST_HOST)";
				CODE_SIGN_STYLE = Automatic;
				CURRENT_PROJECT_VERSION = 1;
				DEVELOPMENT_TEAM = NP3DCVXSX3;
				GENERATE_INFOPLIST_FILE = YES;
				IPHONEOS_DEPLOYMENT_TARGET = 16.2;
				MACOSX_DEPLOYMENT_TARGET = 13.1;
				MARKETING_VERSION = 1.0;
				PRODUCT_BUNDLE_IDENTIFIER = com.worksd.krush.rawgraphyTests;
				PRODUCT_NAME = "$(TARGET_NAME)";
				SDKROOT = auto;
				SUPPORTED_PLATFORMS = "iphoneos iphonesimulator macosx";
				SWIFT_EMIT_LOC_STRINGS = NO;
				SWIFT_VERSION = 5.0;
				TARGETED_DEVICE_FAMILY = "1,2";
				TEST_HOST = "$(BUILT_PRODUCTS_DIR)/rawgraphy.app/$(BUNDLE_EXECUTABLE_FOLDER_PATH)/rawgraphy";
			};
			name = Release;
		};
		3B9716C72D1BABD10024C34A /* Debug */ = {
			isa = XCBuildConfiguration;
			buildSettings = {
				ALWAYS_EMBED_SWIFT_STANDARD_LIBRARIES = YES;
				CODE_SIGN_STYLE = Automatic;
				CURRENT_PROJECT_VERSION = 1;
				DEVELOPMENT_TEAM = NP3DCVXSX3;
				GENERATE_INFOPLIST_FILE = YES;
				IPHONEOS_DEPLOYMENT_TARGET = 16.2;
				MACOSX_DEPLOYMENT_TARGET = 13.1;
				MARKETING_VERSION = 1.0;
				PRODUCT_BUNDLE_IDENTIFIER = com.worksd.krush.rawgraphyUITests;
				PRODUCT_NAME = "$(TARGET_NAME)";
				SDKROOT = auto;
				SUPPORTED_PLATFORMS = "iphoneos iphonesimulator macosx";
				SWIFT_EMIT_LOC_STRINGS = NO;
				SWIFT_VERSION = 5.0;
				TARGETED_DEVICE_FAMILY = "1,2";
				TEST_TARGET_NAME = rawgraphy;
			};
			name = Debug;
		};
		3B9716C82D1BABD10024C34A /* Release */ = {
			isa = XCBuildConfiguration;
			buildSettings = {
				ALWAYS_EMBED_SWIFT_STANDARD_LIBRARIES = YES;
				CODE_SIGN_STYLE = Automatic;
				CURRENT_PROJECT_VERSION = 1;
				DEVELOPMENT_TEAM = NP3DCVXSX3;
				GENERATE_INFOPLIST_FILE = YES;
				IPHONEOS_DEPLOYMENT_TARGET = 16.2;
				MACOSX_DEPLOYMENT_TARGET = 13.1;
				MARKETING_VERSION = 1.0;
				PRODUCT_BUNDLE_IDENTIFIER = com.worksd.krush.rawgraphyUITests;
				PRODUCT_NAME = "$(TARGET_NAME)";
				SDKROOT = auto;
				SUPPORTED_PLATFORMS = "iphoneos iphonesimulator macosx";
				SWIFT_EMIT_LOC_STRINGS = NO;
				SWIFT_VERSION = 5.0;
				TARGETED_DEVICE_FAMILY = "1,2";
				TEST_TARGET_NAME = rawgraphy;
			};
			name = Release;
		};
/* End XCBuildConfiguration section */

/* Begin XCConfigurationList section */
		3B9716962D1BABCF0024C34A /* Build configuration list for PBXProject "rawgraphy" */ = {
			isa = XCConfigurationList;
			buildConfigurations = (
				3B9716BE2D1BABD10024C34A /* Debug */,
				3B9716BF2D1BABD10024C34A /* Release */,
			);
			defaultConfigurationIsVisible = 0;
			defaultConfigurationName = Release;
		};
		3B9716C02D1BABD10024C34A /* Build configuration list for PBXNativeTarget "rawgraphy" */ = {
			isa = XCConfigurationList;
			buildConfigurations = (
				3B9716C12D1BABD10024C34A /* Debug */,
				3B9716C22D1BABD10024C34A /* Release */,
			);
			defaultConfigurationIsVisible = 0;
			defaultConfigurationName = Release;
		};
		3B9716C32D1BABD10024C34A /* Build configuration list for PBXNativeTarget "rawgraphyTests" */ = {
			isa = XCConfigurationList;
			buildConfigurations = (
				3B9716C42D1BABD10024C34A /* Debug */,
				3B9716C52D1BABD10024C34A /* Release */,
			);
			defaultConfigurationIsVisible = 0;
			defaultConfigurationName = Release;
		};
		3B9716C62D1BABD10024C34A /* Build configuration list for PBXNativeTarget "rawgraphyUITests" */ = {
			isa = XCConfigurationList;
			buildConfigurations = (
				3B9716C72D1BABD10024C34A /* Debug */,
				3B9716C82D1BABD10024C34A /* Release */,
			);
			defaultConfigurationIsVisible = 0;
			defaultConfigurationName = Release;
		};
/* End XCConfigurationList section */

/* Begin XCRemoteSwiftPackageReference section */
		3B1B576F2D300F07007B1ECE /* XCRemoteSwiftPackageReference "firebase-ios-sdk" */ = {
			isa = XCRemoteSwiftPackageReference;
			repositoryURL = "https://github.com/firebase/firebase-ios-sdk";
			requirement = {
				kind = upToNextMajorVersion;
				minimumVersion = 11.6.0;
			};
		};
		3B2B39322D40BD66005FAFBE /* XCRemoteSwiftPackageReference "LinkNavigator" */ = {
			isa = XCRemoteSwiftPackageReference;
			repositoryURL = "https://github.com/forXifLess/LinkNavigator";
			requirement = {
				kind = upToNextMajorVersion;
				minimumVersion = 1.3.1;
			};
		};
		3B3BDCB62D38BD2500B0F233 /* XCRemoteSwiftPackageReference "iamport-ios" */ = {
			isa = XCRemoteSwiftPackageReference;
			repositoryURL = "https://github.com/iamport/iamport-ios";
			requirement = {
				kind = upToNextMajorVersion;
				minimumVersion = 1.4.7;
			};
		};
		3B3BDCBB2D3A4B6F00B0F233 /* XCRemoteSwiftPackageReference "kakao-ios-sdk" */ = {
			isa = XCRemoteSwiftPackageReference;
			repositoryURL = "https://github.com/kakao/kakao-ios-sdk";
			requirement = {
				kind = upToNextMajorVersion;
				minimumVersion = 2.23.0;
			};
		};
		3B3BDCC02D3A7F3500B0F233 /* XCRemoteSwiftPackageReference "SVGKit" */ = {
			isa = XCRemoteSwiftPackageReference;
			repositoryURL = "https://github.com/SVGKit/SVGKit";
			requirement = {
				kind = upToNextMajorVersion;
				minimumVersion = 3.0.0;
			};
		};
		3B3BDCC52D3A809600B0F233 /* XCRemoteSwiftPackageReference "Kingfisher" */ = {
			isa = XCRemoteSwiftPackageReference;
			repositoryURL = "https://github.com/onevcat/Kingfisher";
			requirement = {
				kind = upToNextMajorVersion;
				minimumVersion = 8.1.3;
			};
		};
		3B3BDCC82D3A867800B0F233 /* XCRemoteSwiftPackageReference "SDWebImage" */ = {
			isa = XCRemoteSwiftPackageReference;
			repositoryURL = "https://github.com/SDWebImage/SDWebImage";
			requirement = {
				kind = upToNextMajorVersion;
				minimumVersion = 5.20.0;
			};
		};
		3B3BDCCB2D3A883D00B0F233 /* XCRemoteSwiftPackageReference "SDWebImageSwiftUI" */ = {
			isa = XCRemoteSwiftPackageReference;
			repositoryURL = "https://github.com/SDWebImage/SDWebImageSwiftUI";
			requirement = {
				kind = upToNextMajorVersion;
				minimumVersion = 3.1.3;
			};
		};
		3B3BDCCE2D3A8CCD00B0F233 /* XCRemoteSwiftPackageReference "SDWebImageSVGCoder" */ = {
			isa = XCRemoteSwiftPackageReference;
			repositoryURL = "https://github.com/SDWebImage/SDWebImageSVGCoder";
			requirement = {
				kind = upToNextMajorVersion;
				minimumVersion = 1.8.0;
			};
		};
		3BD50FEE2D7BD1D90000CF12 /* XCRemoteSwiftPackageReference "BottomSheet" */ = {
			isa = XCRemoteSwiftPackageReference;
			repositoryURL = "https://github.com/lucaszischka/BottomSheet";
			requirement = {
				kind = upToNextMajorVersion;
				minimumVersion = 3.1.1;
			};
		};
		3BFF9D222D2A491D00D12386 /* XCRemoteSwiftPackageReference "Toast-Swift" */ = {
			isa = XCRemoteSwiftPackageReference;
			repositoryURL = "https://github.com/scalessec/Toast-Swift";
			requirement = {
				kind = upToNextMajorVersion;
				minimumVersion = 5.1.1;
			};
		};
/* End XCRemoteSwiftPackageReference section */

/* Begin XCSwiftPackageProductDependency section */
		3B1B57722D300FD2007B1ECE /* FirebaseAnalytics */ = {
			isa = XCSwiftPackageProductDependency;
			package = 3B1B576F2D300F07007B1ECE /* XCRemoteSwiftPackageReference "firebase-ios-sdk" */;
			productName = FirebaseAnalytics;
		};
		3B1B57742D300FD2007B1ECE /* FirebaseAnalyticsOnDeviceConversion */ = {
			isa = XCSwiftPackageProductDependency;
			package = 3B1B576F2D300F07007B1ECE /* XCRemoteSwiftPackageReference "firebase-ios-sdk" */;
			productName = FirebaseAnalyticsOnDeviceConversion;
		};
		3B1B57762D300FD2007B1ECE /* FirebaseAnalyticsWithoutAdIdSupport */ = {
			isa = XCSwiftPackageProductDependency;
			package = 3B1B576F2D300F07007B1ECE /* XCRemoteSwiftPackageReference "firebase-ios-sdk" */;
			productName = FirebaseAnalyticsWithoutAdIdSupport;
		};
		3B1B57782D300FD2007B1ECE /* FirebaseAppCheck */ = {
			isa = XCSwiftPackageProductDependency;
			package = 3B1B576F2D300F07007B1ECE /* XCRemoteSwiftPackageReference "firebase-ios-sdk" */;
			productName = FirebaseAppCheck;
		};
		3B1B577A2D300FD2007B1ECE /* FirebaseAppDistribution-Beta */ = {
			isa = XCSwiftPackageProductDependency;
			package = 3B1B576F2D300F07007B1ECE /* XCRemoteSwiftPackageReference "firebase-ios-sdk" */;
			productName = "FirebaseAppDistribution-Beta";
		};
		3B1B577C2D300FD2007B1ECE /* FirebaseAuth */ = {
			isa = XCSwiftPackageProductDependency;
			package = 3B1B576F2D300F07007B1ECE /* XCRemoteSwiftPackageReference "firebase-ios-sdk" */;
			productName = FirebaseAuth;
		};
		3B1B577E2D300FD2007B1ECE /* FirebaseAuthCombine-Community */ = {
			isa = XCSwiftPackageProductDependency;
			package = 3B1B576F2D300F07007B1ECE /* XCRemoteSwiftPackageReference "firebase-ios-sdk" */;
			productName = "FirebaseAuthCombine-Community";
		};
		3B1B57802D300FD2007B1ECE /* FirebaseCore */ = {
			isa = XCSwiftPackageProductDependency;
			package = 3B1B576F2D300F07007B1ECE /* XCRemoteSwiftPackageReference "firebase-ios-sdk" */;
			productName = FirebaseCore;
		};
		3B1B57822D300FD2007B1ECE /* FirebaseCrashlytics */ = {
			isa = XCSwiftPackageProductDependency;
			package = 3B1B576F2D300F07007B1ECE /* XCRemoteSwiftPackageReference "firebase-ios-sdk" */;
			productName = FirebaseCrashlytics;
		};
		3B1B57842D300FD2007B1ECE /* FirebaseDatabase */ = {
			isa = XCSwiftPackageProductDependency;
			package = 3B1B576F2D300F07007B1ECE /* XCRemoteSwiftPackageReference "firebase-ios-sdk" */;
			productName = FirebaseDatabase;
		};
		3B1B57862D300FD2007B1ECE /* FirebaseDynamicLinks */ = {
			isa = XCSwiftPackageProductDependency;
			package = 3B1B576F2D300F07007B1ECE /* XCRemoteSwiftPackageReference "firebase-ios-sdk" */;
			productName = FirebaseDynamicLinks;
		};
		3B1B57882D300FD2007B1ECE /* FirebaseFirestore */ = {
			isa = XCSwiftPackageProductDependency;
			package = 3B1B576F2D300F07007B1ECE /* XCRemoteSwiftPackageReference "firebase-ios-sdk" */;
			productName = FirebaseFirestore;
		};
		3B1B578A2D300FD2007B1ECE /* FirebaseFirestoreCombine-Community */ = {
			isa = XCSwiftPackageProductDependency;
			package = 3B1B576F2D300F07007B1ECE /* XCRemoteSwiftPackageReference "firebase-ios-sdk" */;
			productName = "FirebaseFirestoreCombine-Community";
		};
		3B1B578C2D300FD2007B1ECE /* FirebaseFunctions */ = {
			isa = XCSwiftPackageProductDependency;
			package = 3B1B576F2D300F07007B1ECE /* XCRemoteSwiftPackageReference "firebase-ios-sdk" */;
			productName = FirebaseFunctions;
		};
		3B1B578E2D300FD2007B1ECE /* FirebaseFunctionsCombine-Community */ = {
			isa = XCSwiftPackageProductDependency;
			package = 3B1B576F2D300F07007B1ECE /* XCRemoteSwiftPackageReference "firebase-ios-sdk" */;
			productName = "FirebaseFunctionsCombine-Community";
		};
		3B1B57902D300FD2007B1ECE /* FirebaseInAppMessaging-Beta */ = {
			isa = XCSwiftPackageProductDependency;
			package = 3B1B576F2D300F07007B1ECE /* XCRemoteSwiftPackageReference "firebase-ios-sdk" */;
			productName = "FirebaseInAppMessaging-Beta";
		};
		3B1B57922D300FD2007B1ECE /* FirebaseInstallations */ = {
			isa = XCSwiftPackageProductDependency;
			package = 3B1B576F2D300F07007B1ECE /* XCRemoteSwiftPackageReference "firebase-ios-sdk" */;
			productName = FirebaseInstallations;
		};
		3B1B57942D300FD2007B1ECE /* FirebaseMessaging */ = {
			isa = XCSwiftPackageProductDependency;
			package = 3B1B576F2D300F07007B1ECE /* XCRemoteSwiftPackageReference "firebase-ios-sdk" */;
			productName = FirebaseMessaging;
		};
		3B1B57962D300FD2007B1ECE /* FirebaseMLModelDownloader */ = {
			isa = XCSwiftPackageProductDependency;
			package = 3B1B576F2D300F07007B1ECE /* XCRemoteSwiftPackageReference "firebase-ios-sdk" */;
			productName = FirebaseMLModelDownloader;
		};
		3B1B57982D300FD2007B1ECE /* FirebasePerformance */ = {
			isa = XCSwiftPackageProductDependency;
			package = 3B1B576F2D300F07007B1ECE /* XCRemoteSwiftPackageReference "firebase-ios-sdk" */;
			productName = FirebasePerformance;
		};
		3B1B579A2D300FD2007B1ECE /* FirebaseRemoteConfig */ = {
			isa = XCSwiftPackageProductDependency;
			package = 3B1B576F2D300F07007B1ECE /* XCRemoteSwiftPackageReference "firebase-ios-sdk" */;
			productName = FirebaseRemoteConfig;
		};
		3B1B579C2D300FD2007B1ECE /* FirebaseStorage */ = {
			isa = XCSwiftPackageProductDependency;
			package = 3B1B576F2D300F07007B1ECE /* XCRemoteSwiftPackageReference "firebase-ios-sdk" */;
			productName = FirebaseStorage;
		};
		3B1B579E2D300FD3007B1ECE /* FirebaseStorageCombine-Community */ = {
			isa = XCSwiftPackageProductDependency;
			package = 3B1B576F2D300F07007B1ECE /* XCRemoteSwiftPackageReference "firebase-ios-sdk" */;
			productName = "FirebaseStorageCombine-Community";
		};
		3B1B57A02D300FD3007B1ECE /* FirebaseVertexAI */ = {
			isa = XCSwiftPackageProductDependency;
			package = 3B1B576F2D300F07007B1ECE /* XCRemoteSwiftPackageReference "firebase-ios-sdk" */;
			productName = FirebaseVertexAI;
		};
		3B2B392D2D40A7DD005FAFBE /* KakaoSDKUser */ = {
			isa = XCSwiftPackageProductDependency;
			package = 3B3BDCBB2D3A4B6F00B0F233 /* XCRemoteSwiftPackageReference "kakao-ios-sdk" */;
			productName = KakaoSDKUser;
		};
		3B2B39352D40BE19005FAFBE /* LinkNavigator */ = {
			isa = XCSwiftPackageProductDependency;
			package = 3B2B39322D40BD66005FAFBE /* XCRemoteSwiftPackageReference "LinkNavigator" */;
			productName = LinkNavigator;
		};
		3B3BDCB72D38BDCE00B0F233 /* iamport-ios */ = {
			isa = XCSwiftPackageProductDependency;
			package = 3B3BDCB62D38BD2500B0F233 /* XCRemoteSwiftPackageReference "iamport-ios" */;
			productName = "iamport-ios";
		};
		3B3BDCBC2D3A4BB300B0F233 /* KakaoSDKAuth */ = {
			isa = XCSwiftPackageProductDependency;
			package = 3B3BDCBB2D3A4B6F00B0F233 /* XCRemoteSwiftPackageReference "kakao-ios-sdk" */;
			productName = KakaoSDKAuth;
		};
		3B3BDCBE2D3A4BC000B0F233 /* KakaoSDKCommon */ = {
			isa = XCSwiftPackageProductDependency;
			package = 3B3BDCBB2D3A4B6F00B0F233 /* XCRemoteSwiftPackageReference "kakao-ios-sdk" */;
			productName = KakaoSDKCommon;
		};
		3B3BDCC12D3A7F4400B0F233 /* SVGKit */ = {
			isa = XCSwiftPackageProductDependency;
			package = 3B3BDCC02D3A7F3500B0F233 /* XCRemoteSwiftPackageReference "SVGKit" */;
			productName = SVGKit;
		};
		3B3BDCC62D3A813400B0F233 /* Kingfisher */ = {
			isa = XCSwiftPackageProductDependency;
			package = 3B3BDCC52D3A809600B0F233 /* XCRemoteSwiftPackageReference "Kingfisher" */;
			productName = Kingfisher;
		};
		3B3BDCC92D3A868E00B0F233 /* SDWebImage */ = {
			isa = XCSwiftPackageProductDependency;
			package = 3B3BDCC82D3A867800B0F233 /* XCRemoteSwiftPackageReference "SDWebImage" */;
			productName = SDWebImage;
		};
		3B3BDCCC2D3A884A00B0F233 /* SDWebImageSwiftUI */ = {
			isa = XCSwiftPackageProductDependency;
			package = 3B3BDCCB2D3A883D00B0F233 /* XCRemoteSwiftPackageReference "SDWebImageSwiftUI" */;
			productName = SDWebImageSwiftUI;
		};
		3B3BDCCF2D3A8D6400B0F233 /* SDWebImageSVGCoder */ = {
			isa = XCSwiftPackageProductDependency;
			package = 3B3BDCCE2D3A8CCD00B0F233 /* XCRemoteSwiftPackageReference "SDWebImageSVGCoder" */;
			productName = SDWebImageSVGCoder;
		};
		3BD50FEF2D7BD3200000CF12 /* BottomSheet */ = {
			isa = XCSwiftPackageProductDependency;
			package = 3BD50FEE2D7BD1D90000CF12 /* XCRemoteSwiftPackageReference "BottomSheet" */;
			productName = BottomSheet;
		};
		3BFF9D232D2A493000D12386 /* Toast */ = {
			isa = XCSwiftPackageProductDependency;
			package = 3BFF9D222D2A491D00D12386 /* XCRemoteSwiftPackageReference "Toast-Swift" */;
			productName = Toast;
		};
/* End XCSwiftPackageProductDependency section */
	};
	rootObject = 3B9716932D1BABCF0024C34A /* Project object */;
}
